// !$*UTF8*$!
{
	archiveVersion = 1;
	classes = {
	};
	objectVersion = 55;
	objects = {

/* Begin PBXBuildFile section */
		8910342E2950C1D4008EED37 /* PersonsAppApp.swift in Sources */ = {isa = PBXBuildFile; fileRef = 8910342D2950C1D4008EED37 /* PersonsAppApp.swift */; };
		891034302950C1D4008EED37 /* ContentView.swift in Sources */ = {isa = PBXBuildFile; fileRef = 8910342F2950C1D4008EED37 /* ContentView.swift */; };
		891034322950C1D6008EED37 /* Assets.xcassets in Resources */ = {isa = PBXBuildFile; fileRef = 891034312950C1D6008EED37 /* Assets.xcassets */; };
		891034352950C1D6008EED37 /* Preview Assets.xcassets in Resources */ = {isa = PBXBuildFile; fileRef = 891034342950C1D6008EED37 /* Preview Assets.xcassets */; };
		89A64E0D2950F05400C3080C /* Theme.swift in Sources */ = {isa = PBXBuildFile; fileRef = 89A64E0C2950F05400C3080C /* Theme.swift */; };
		89A64E0F2950F06500C3080C /* Symbols.swift in Sources */ = {isa = PBXBuildFile; fileRef = 89A64E0E2950F06500C3080C /* Symbols.swift */; };
		89A64E132950F34700C3080C /* StaticJSONMapper.swift in Sources */ = {isa = PBXBuildFile; fileRef = 89A64E122950F34700C3080C /* StaticJSONMapper.swift */; };
		89A64E162950F44000C3080C /* Model.swift in Sources */ = {isa = PBXBuildFile; fileRef = 89A64E152950F44000C3080C /* Model.swift */; };
		89A64E1B2950F4AC00C3080C /* SingleUserData.json in Resources */ = {isa = PBXBuildFile; fileRef = 89A64E1A2950F4AC00C3080C /* SingleUserData.json */; };
		89A64E1D2950F4C000C3080C /* UsersStaticData.json in Resources */ = {isa = PBXBuildFile; fileRef = 89A64E1C2950F4C000C3080C /* UsersStaticData.json */; };
		89A64E1F2950F4FC00C3080C /* UsersResponse.swift in Sources */ = {isa = PBXBuildFile; fileRef = 89A64E1E2950F4FC00C3080C /* UsersResponse.swift */; };
		89A64E282950F5F600C3080C /* UserDetailResponse.swift in Sources */ = {isa = PBXBuildFile; fileRef = 89A64E272950F5F600C3080C /* UserDetailResponse.swift */; };
		89A64E2B2950FB2800C3080C /* PeopleView.swift in Sources */ = {isa = PBXBuildFile; fileRef = 89A64E2A2950FB2800C3080C /* PeopleView.swift */; };
		89A64E2D2951036D00C3080C /* PersonItemView.swift in Sources */ = {isa = PBXBuildFile; fileRef = 89A64E2C2951036D00C3080C /* PersonItemView.swift */; };
		89A64E302951041000C3080C /* PillView.swift in Sources */ = {isa = PBXBuildFile; fileRef = 89A64E2F2951041000C3080C /* PillView.swift */; };
		89A64E3229510AE200C3080C /* DetailView.swift in Sources */ = {isa = PBXBuildFile; fileRef = 89A64E3129510AE200C3080C /* DetailView.swift */; };
		89A64E362951147C00C3080C /* CreateView.swift in Sources */ = {isa = PBXBuildFile; fileRef = 89A64E352951147C00C3080C /* CreateView.swift */; };
		89B6287D2951A9C600F5598F /* NetworkingManager.swift in Sources */ = {isa = PBXBuildFile; fileRef = 89B6287C2951A9C600F5598F /* NetworkingManager.swift */; };
/* End PBXBuildFile section */

/* Begin PBXFileReference section */
		8910342A2950C1D4008EED37 /* PersonsApp.app */ = {isa = PBXFileReference; explicitFileType = wrapper.application; includeInIndex = 0; path = PersonsApp.app; sourceTree = BUILT_PRODUCTS_DIR; };
		8910342D2950C1D4008EED37 /* PersonsAppApp.swift */ = {isa = PBXFileReference; lastKnownFileType = sourcecode.swift; path = PersonsAppApp.swift; sourceTree = "<group>"; };
		8910342F2950C1D4008EED37 /* ContentView.swift */ = {isa = PBXFileReference; lastKnownFileType = sourcecode.swift; path = ContentView.swift; sourceTree = "<group>"; };
		891034312950C1D6008EED37 /* Assets.xcassets */ = {isa = PBXFileReference; lastKnownFileType = folder.assetcatalog; path = Assets.xcassets; sourceTree = "<group>"; };
		891034342950C1D6008EED37 /* Preview Assets.xcassets */ = {isa = PBXFileReference; lastKnownFileType = folder.assetcatalog; path = "Preview Assets.xcassets"; sourceTree = "<group>"; };
		89A64E0C2950F05400C3080C /* Theme.swift */ = {isa = PBXFileReference; lastKnownFileType = sourcecode.swift; path = Theme.swift; sourceTree = "<group>"; };
		89A64E0E2950F06500C3080C /* Symbols.swift */ = {isa = PBXFileReference; lastKnownFileType = sourcecode.swift; path = Symbols.swift; sourceTree = "<group>"; };
		89A64E122950F34700C3080C /* StaticJSONMapper.swift */ = {isa = PBXFileReference; lastKnownFileType = sourcecode.swift; path = StaticJSONMapper.swift; sourceTree = "<group>"; };
		89A64E152950F44000C3080C /* Model.swift */ = {isa = PBXFileReference; lastKnownFileType = sourcecode.swift; path = Model.swift; sourceTree = "<group>"; };
		89A64E1A2950F4AC00C3080C /* SingleUserData.json */ = {isa = PBXFileReference; lastKnownFileType = text.json; path = SingleUserData.json; sourceTree = "<group>"; };
		89A64E1C2950F4C000C3080C /* UsersStaticData.json */ = {isa = PBXFileReference; lastKnownFileType = text.json; path = UsersStaticData.json; sourceTree = "<group>"; };
		89A64E1E2950F4FC00C3080C /* UsersResponse.swift */ = {isa = PBXFileReference; lastKnownFileType = sourcecode.swift; path = UsersResponse.swift; sourceTree = "<group>"; };
		89A64E272950F5F600C3080C /* UserDetailResponse.swift */ = {isa = PBXFileReference; lastKnownFileType = sourcecode.swift; path = UserDetailResponse.swift; sourceTree = "<group>"; };
		89A64E2A2950FB2800C3080C /* PeopleView.swift */ = {isa = PBXFileReference; lastKnownFileType = sourcecode.swift; path = PeopleView.swift; sourceTree = "<group>"; };
		89A64E2C2951036D00C3080C /* PersonItemView.swift */ = {isa = PBXFileReference; lastKnownFileType = sourcecode.swift; path = PersonItemView.swift; sourceTree = "<group>"; };
		89A64E2F2951041000C3080C /* PillView.swift */ = {isa = PBXFileReference; lastKnownFileType = sourcecode.swift; path = PillView.swift; sourceTree = "<group>"; };
		89A64E3129510AE200C3080C /* DetailView.swift */ = {isa = PBXFileReference; lastKnownFileType = sourcecode.swift; path = DetailView.swift; sourceTree = "<group>"; };
		89A64E352951147C00C3080C /* CreateView.swift */ = {isa = PBXFileReference; lastKnownFileType = sourcecode.swift; path = CreateView.swift; sourceTree = "<group>"; };
		89B6287C2951A9C600F5598F /* NetworkingManager.swift */ = {isa = PBXFileReference; lastKnownFileType = sourcecode.swift; path = NetworkingManager.swift; sourceTree = "<group>"; };
/* End PBXFileReference section */

/* Begin PBXFrameworksBuildPhase section */
		891034272950C1D4008EED37 /* Frameworks */ = {
			isa = PBXFrameworksBuildPhase;
			buildActionMask = 2147483647;
			files = (
			);
			runOnlyForDeploymentPostprocessing = 0;
		};
/* End PBXFrameworksBuildPhase section */

/* Begin PBXGroup section */
		891034212950C1D4008EED37 = {
			isa = PBXGroup;
			children = (
				8910342C2950C1D4008EED37 /* PersonsApp */,
				8910342B2950C1D4008EED37 /* Products */,
			);
			sourceTree = "<group>";
		};
		8910342B2950C1D4008EED37 /* Products */ = {
			isa = PBXGroup;
			children = (
				8910342A2950C1D4008EED37 /* PersonsApp.app */,
			);
			name = Products;
			sourceTree = "<group>";
		};
		8910342C2950C1D4008EED37 /* PersonsApp */ = {
			isa = PBXGroup;
			children = (
				89A64E202950F53E00C3080C /* Features */,
				89A64E102950F32F00C3080C /* Base */,
				89A64E0A2950F03300C3080C /* Resources */,
				8910342D2950C1D4008EED37 /* PersonsAppApp.swift */,
				8910342F2950C1D4008EED37 /* ContentView.swift */,
				891034312950C1D6008EED37 /* Assets.xcassets */,
				891034332950C1D6008EED37 /* Preview Content */,
			);
			path = PersonsApp;
			sourceTree = "<group>";
		};
		891034332950C1D6008EED37 /* Preview Content */ = {
			isa = PBXGroup;
			children = (
				891034342950C1D6008EED37 /* Preview Assets.xcassets */,
			);
			path = "Preview Content";
			sourceTree = "<group>";
		};
		89A64E0A2950F03300C3080C /* Resources */ = {
			isa = PBXGroup;
			children = (
				89A64E172950F48300C3080C /* JSON */,
				89A64E0C2950F05400C3080C /* Theme.swift */,
				89A64E0E2950F06500C3080C /* Symbols.swift */,
			);
			path = Resources;
			sourceTree = "<group>";
		};
		89A64E102950F32F00C3080C /* Base */ = {
			isa = PBXGroup;
			children = (
				89B6287B2951A9B300F5598F /* API */,
				89A64E2E2951040100C3080C /* Views */,
				89A64E142950F43300C3080C /* Models */,
				89A64E112950F33800C3080C /* Mapper */,
			);
			path = Base;
			sourceTree = "<group>";
		};
		89A64E112950F33800C3080C /* Mapper */ = {
			isa = PBXGroup;
			children = (
				89A64E122950F34700C3080C /* StaticJSONMapper.swift */,
			);
			path = Mapper;
			sourceTree = "<group>";
		};
		89A64E142950F43300C3080C /* Models */ = {
			isa = PBXGroup;
			children = (
				89A64E152950F44000C3080C /* Model.swift */,
			);
			path = Models;
			sourceTree = "<group>";
		};
		89A64E172950F48300C3080C /* JSON */ = {
			isa = PBXGroup;
			children = (
				89A64E1A2950F4AC00C3080C /* SingleUserData.json */,
				89A64E1C2950F4C000C3080C /* UsersStaticData.json */,
			);
			path = JSON;
			sourceTree = "<group>";
		};
		89A64E202950F53E00C3080C /* Features */ = {
			isa = PBXGroup;
			children = (
				89A64E342951146B00C3080C /* Create */,
				89A64E222950F55600C3080C /* People */,
				89A64E212950F54D00C3080C /* Detail */,
			);
			path = Features;
			sourceTree = "<group>";
		};
		89A64E212950F54D00C3080C /* Detail */ = {
			isa = PBXGroup;
			children = (
				89A64E3329510AE700C3080C /* Views */,
				89A64E232950F56100C3080C /* Models */,
			);
			path = Detail;
			sourceTree = "<group>";
		};
		89A64E222950F55600C3080C /* People */ = {
			isa = PBXGroup;
			children = (
				89A64E292950FB1800C3080C /* Views */,
				89A64E242950F56A00C3080C /* Models */,
			);
			path = People;
			sourceTree = "<group>";
		};
		89A64E232950F56100C3080C /* Models */ = {
			isa = PBXGroup;
			children = (
				89A64E272950F5F600C3080C /* UserDetailResponse.swift */,
			);
			path = Models;
			sourceTree = "<group>";
		};
		89A64E242950F56A00C3080C /* Models */ = {
			isa = PBXGroup;
			children = (
				89A64E1E2950F4FC00C3080C /* UsersResponse.swift */,
			);
			path = Models;
			sourceTree = "<group>";
		};
		89A64E292950FB1800C3080C /* Views */ = {
			isa = PBXGroup;
			children = (
				89A64E2A2950FB2800C3080C /* PeopleView.swift */,
				89A64E2C2951036D00C3080C /* PersonItemView.swift */,
			);
			path = Views;
			sourceTree = "<group>";
		};
		89A64E2E2951040100C3080C /* Views */ = {
			isa = PBXGroup;
			children = (
				89A64E2F2951041000C3080C /* PillView.swift */,
			);
			path = Views;
			sourceTree = "<group>";
		};
		89A64E3329510AE700C3080C /* Views */ = {
			isa = PBXGroup;
			children = (
				89A64E3129510AE200C3080C /* DetailView.swift */,
			);
			path = Views;
			sourceTree = "<group>";
		};
		89A64E342951146B00C3080C /* Create */ = {
			isa = PBXGroup;
			children = (
				89A64E352951147C00C3080C /* CreateView.swift */,
			);
			path = Create;
			sourceTree = "<group>";
		};
		89B6287B2951A9B300F5598F /* API */ = {
			isa = PBXGroup;
			children = (
				89B6287C2951A9C600F5598F /* NetworkingManager.swift */,
			);
			path = API;
			sourceTree = "<group>";
		};
/* End PBXGroup section */

/* Begin PBXNativeTarget section */
		891034292950C1D4008EED37 /* PersonsApp */ = {
			isa = PBXNativeTarget;
			buildConfigurationList = 891034382950C1D6008EED37 /* Build configuration list for PBXNativeTarget "PersonsApp" */;
			buildPhases = (
				891034262950C1D4008EED37 /* Sources */,
				891034272950C1D4008EED37 /* Frameworks */,
				891034282950C1D4008EED37 /* Resources */,
			);
			buildRules = (
			);
			dependencies = (
			);
			name = PersonsApp;
			productName = PersonsApp;
			productReference = 8910342A2950C1D4008EED37 /* PersonsApp.app */;
			productType = "com.apple.product-type.application";
		};
/* End PBXNativeTarget section */

/* Begin PBXProject section */
		891034222950C1D4008EED37 /* Project object */ = {
			isa = PBXProject;
			attributes = {
				BuildIndependentTargetsInParallel = 1;
				LastSwiftUpdateCheck = 1320;
				LastUpgradeCheck = 1320;
				TargetAttributes = {
					891034292950C1D4008EED37 = {
						CreatedOnToolsVersion = 13.2.1;
					};
				};
			};
			buildConfigurationList = 891034252950C1D4008EED37 /* Build configuration list for PBXProject "PersonsApp" */;
			compatibilityVersion = "Xcode 13.0";
			developmentRegion = en;
			hasScannedForEncodings = 0;
			knownRegions = (
				en,
				Base,
			);
			mainGroup = 891034212950C1D4008EED37;
			productRefGroup = 8910342B2950C1D4008EED37 /* Products */;
			projectDirPath = "";
			projectRoot = "";
			targets = (
				891034292950C1D4008EED37 /* PersonsApp */,
			);
		};
/* End PBXProject section */

/* Begin PBXResourcesBuildPhase section */
		891034282950C1D4008EED37 /* Resources */ = {
			isa = PBXResourcesBuildPhase;
			buildActionMask = 2147483647;
			files = (
				89A64E1D2950F4C000C3080C /* UsersStaticData.json in Resources */,
				89A64E1B2950F4AC00C3080C /* SingleUserData.json in Resources */,
				891034352950C1D6008EED37 /* Preview Assets.xcassets in Resources */,
				891034322950C1D6008EED37 /* Assets.xcassets in Resources */,
			);
			runOnlyForDeploymentPostprocessing = 0;
		};
/* End PBXResourcesBuildPhase section */

/* Begin PBXSourcesBuildPhase section */
		891034262950C1D4008EED37 /* Sources */ = {
			isa = PBXSourcesBuildPhase;
			buildActionMask = 2147483647;
			files = (
				89A64E0D2950F05400C3080C /* Theme.swift in Sources */,
				89A64E3229510AE200C3080C /* DetailView.swift in Sources */,
				89A64E0F2950F06500C3080C /* Symbols.swift in Sources */,
				89A64E2B2950FB2800C3080C /* PeopleView.swift in Sources */,
				891034302950C1D4008EED37 /* ContentView.swift in Sources */,
				89A64E162950F44000C3080C /* Model.swift in Sources */,
				89A64E282950F5F600C3080C /* UserDetailResponse.swift in Sources */,
				89A64E302951041000C3080C /* PillView.swift in Sources */,
				89A64E362951147C00C3080C /* CreateView.swift in Sources */,
				8910342E2950C1D4008EED37 /* PersonsAppApp.swift in Sources */,
				89A64E1F2950F4FC00C3080C /* UsersResponse.swift in Sources */,
				89A64E2D2951036D00C3080C /* PersonItemView.swift in Sources */,
				89A64E132950F34700C3080C /* StaticJSONMapper.swift in Sources */,
				89B6287D2951A9C600F5598F /* NetworkingManager.swift in Sources */,
			);
			runOnlyForDeploymentPostprocessing = 0;
		};
/* End PBXSourcesBuildPhase section */

/* Begin XCBuildConfiguration section */
		891034362950C1D6008EED37 /* Debug */ = {
			isa = XCBuildConfiguration;
			buildSettings = {
				ALWAYS_SEARCH_USER_PATHS = NO;
				CLANG_ANALYZER_NONNULL = YES;
				CLANG_ANALYZER_NUMBER_OBJECT_CONVERSION = YES_AGGRESSIVE;
				CLANG_CXX_LANGUAGE_STANDARD = "gnu++17";
				CLANG_CXX_LIBRARY = "libc++";
				CLANG_ENABLE_MODULES = YES;
				CLANG_ENABLE_OBJC_ARC = YES;
				CLANG_ENABLE_OBJC_WEAK = YES;
				CLANG_WARN_BLOCK_CAPTURE_AUTORELEASING = YES;
				CLANG_WARN_BOOL_CONVERSION = YES;
				CLANG_WARN_COMMA = YES;
				CLANG_WARN_CONSTANT_CONVERSION = YES;
				CLANG_WARN_DEPRECATED_OBJC_IMPLEMENTATIONS = YES;
				CLANG_WARN_DIRECT_OBJC_ISA_USAGE = YES_ERROR;
				CLANG_WARN_DOCUMENTATION_COMMENTS = YES;
				CLANG_WARN_EMPTY_BODY = YES;
				CLANG_WARN_ENUM_CONVERSION = YES;
				CLANG_WARN_INFINITE_RECURSION = YES;
				CLANG_WARN_INT_CONVERSION = YES;
				CLANG_WARN_NON_LITERAL_NULL_CONVERSION = YES;
				CLANG_WARN_OBJC_IMPLICIT_RETAIN_SELF = YES;
				CLANG_WARN_OBJC_LITERAL_CONVERSION = YES;
				CLANG_WARN_OBJC_ROOT_CLASS = YES_ERROR;
				CLANG_WARN_QUOTED_INCLUDE_IN_FRAMEWORK_HEADER = YES;
				CLANG_WARN_RANGE_LOOP_ANALYSIS = YES;
				CLANG_WARN_STRICT_PROTOTYPES = YES;
				CLANG_WARN_SUSPICIOUS_MOVE = YES;
				CLANG_WARN_UNGUARDED_AVAILABILITY = YES_AGGRESSIVE;
				CLANG_WARN_UNREACHABLE_CODE = YES;
				CLANG_WARN__DUPLICATE_METHOD_MATCH = YES;
				COPY_PHASE_STRIP = NO;
				DEBUG_INFORMATION_FORMAT = dwarf;
				ENABLE_STRICT_OBJC_MSGSEND = YES;
				ENABLE_TESTABILITY = YES;
				GCC_C_LANGUAGE_STANDARD = gnu11;
				GCC_DYNAMIC_NO_PIC = NO;
				GCC_NO_COMMON_BLOCKS = YES;
				GCC_OPTIMIZATION_LEVEL = 0;
				GCC_PREPROCESSOR_DEFINITIONS = (
					"DEBUG=1",
					"$(inherited)",
				);
				GCC_WARN_64_TO_32_BIT_CONVERSION = YES;
				GCC_WARN_ABOUT_RETURN_TYPE = YES_ERROR;
				GCC_WARN_UNDECLARED_SELECTOR = YES;
				GCC_WARN_UNINITIALIZED_AUTOS = YES_AGGRESSIVE;
				GCC_WARN_UNUSED_FUNCTION = YES;
				GCC_WARN_UNUSED_VARIABLE = YES;
				IPHONEOS_DEPLOYMENT_TARGET = 15.2;
				MTL_ENABLE_DEBUG_INFO = INCLUDE_SOURCE;
				MTL_FAST_MATH = YES;
				ONLY_ACTIVE_ARCH = YES;
				SDKROOT = iphoneos;
				SWIFT_ACTIVE_COMPILATION_CONDITIONS = DEBUG;
				SWIFT_OPTIMIZATION_LEVEL = "-Onone";
			};
			name = Debug;
		};
		891034372950C1D6008EED37 /* Release */ = {
			isa = XCBuildConfiguration;
			buildSettings = {
				ALWAYS_SEARCH_USER_PATHS = NO;
				CLANG_ANALYZER_NONNULL = YES;
				CLANG_ANALYZER_NUMBER_OBJECT_CONVERSION = YES_AGGRESSIVE;
				CLANG_CXX_LANGUAGE_STANDARD = "gnu++17";
				CLANG_CXX_LIBRARY = "libc++";
				CLANG_ENABLE_MODULES = YES;
				CLANG_ENABLE_OBJC_ARC = YES;
				CLANG_ENABLE_OBJC_WEAK = YES;
				CLANG_WARN_BLOCK_CAPTURE_AUTORELEASING = YES;
				CLANG_WARN_BOOL_CONVERSION = YES;
				CLANG_WARN_COMMA = YES;
				CLANG_WARN_CONSTANT_CONVERSION = YES;
				CLANG_WARN_DEPRECATED_OBJC_IMPLEMENTATIONS = YES;
				CLANG_WARN_DIRECT_OBJC_ISA_USAGE = YES_ERROR;
				CLANG_WARN_DOCUMENTATION_COMMENTS = YES;
				CLANG_WARN_EMPTY_BODY = YES;
				CLANG_WARN_ENUM_CONVERSION = YES;
				CLANG_WARN_INFINITE_RECURSION = YES;
				CLANG_WARN_INT_CONVERSION = YES;
				CLANG_WARN_NON_LITERAL_NULL_CONVERSION = YES;
				CLANG_WARN_OBJC_IMPLICIT_RETAIN_SELF = YES;
				CLANG_WARN_OBJC_LITERAL_CONVERSION = YES;
				CLANG_WARN_OBJC_ROOT_CLASS = YES_ERROR;
				CLANG_WARN_QUOTED_INCLUDE_IN_FRAMEWORK_HEADER = YES;
				CLANG_WARN_RANGE_LOOP_ANALYSIS = YES;
				CLANG_WARN_STRICT_PROTOTYPES = YES;
				CLANG_WARN_SUSPICIOUS_MOVE = YES;
				CLANG_WARN_UNGUARDED_AVAILABILITY = YES_AGGRESSIVE;
				CLANG_WARN_UNREACHABLE_CODE = YES;
				CLANG_WARN__DUPLICATE_METHOD_MATCH = YES;
				COPY_PHASE_STRIP = NO;
				DEBUG_INFORMATION_FORMAT = "dwarf-with-dsym";
				ENABLE_NS_ASSERTIONS = NO;
				ENABLE_STRICT_OBJC_MSGSEND = YES;
				GCC_C_LANGUAGE_STANDARD = gnu11;
				GCC_NO_COMMON_BLOCKS = YES;
				GCC_WARN_64_TO_32_BIT_CONVERSION = YES;
				GCC_WARN_ABOUT_RETURN_TYPE = YES_ERROR;
				GCC_WARN_UNDECLARED_SELECTOR = YES;
				GCC_WARN_UNINITIALIZED_AUTOS = YES_AGGRESSIVE;
				GCC_WARN_UNUSED_FUNCTION = YES;
				GCC_WARN_UNUSED_VARIABLE = YES;
				IPHONEOS_DEPLOYMENT_TARGET = 15.2;
				MTL_ENABLE_DEBUG_INFO = NO;
				MTL_FAST_MATH = YES;
				SDKROOT = iphoneos;
				SWIFT_COMPILATION_MODE = wholemodule;
				SWIFT_OPTIMIZATION_LEVEL = "-O";
				VALIDATE_PRODUCT = YES;
			};
			name = Release;
		};
		891034392950C1D6008EED37 /* Debug */ = {
			isa = XCBuildConfiguration;
			buildSettings = {
				ASSETCATALOG_COMPILER_APPICON_NAME = AppIcon;
				ASSETCATALOG_COMPILER_GLOBAL_ACCENT_COLOR_NAME = AccentColor;
				CODE_SIGN_STYLE = Automatic;
				CURRENT_PROJECT_VERSION = 1;
				DEVELOPMENT_ASSET_PATHS = "\"PersonsApp/Preview Content\"";
				ENABLE_PREVIEWS = YES;
				GENERATE_INFOPLIST_FILE = YES;
				INFOPLIST_KEY_UIApplicationSceneManifest_Generation = YES;
				INFOPLIST_KEY_UIApplicationSupportsIndirectInputEvents = YES;
				INFOPLIST_KEY_UILaunchScreen_Generation = YES;
				INFOPLIST_KEY_UISupportedInterfaceOrientations_iPad = "UIInterfaceOrientationPortrait UIInterfaceOrientationPortraitUpsideDown UIInterfaceOrientationLandscapeLeft UIInterfaceOrientationLandscapeRight";
				INFOPLIST_KEY_UISupportedInterfaceOrientations_iPhone = "UIInterfaceOrientationPortrait UIInterfaceOrientationLandscapeLeft UIInterfaceOrientationLandscapeRight";
				LD_RUNPATH_SEARCH_PATHS = (
					"$(inherited)",
					"@executable_path/Frameworks",
				);
				MARKETING_VERSION = 1.0;
				PRODUCT_BUNDLE_IDENTIFIER = mbayi.PersonsApp;
				PRODUCT_NAME = "$(TARGET_NAME)";
				SWIFT_EMIT_LOC_STRINGS = YES;
				SWIFT_VERSION = 5.0;
				TARGETED_DEVICE_FAMILY = "1,2";
			};
			name = Debug;
		};
		8910343A2950C1D6008EED37 /* Release */ = {
			isa = XCBuildConfiguration;
			buildSettings = {
				ASSETCATALOG_COMPILER_APPICON_NAME = AppIcon;
				ASSETCATALOG_COMPILER_GLOBAL_ACCENT_COLOR_NAME = AccentColor;
				CODE_SIGN_STYLE = Automatic;
				CURRENT_PROJECT_VERSION = 1;
				DEVELOPMENT_ASSET_PATHS = "\"PersonsApp/Preview Content\"";
				ENABLE_PREVIEWS = YES;
				GENERATE_INFOPLIST_FILE = YES;
				INFOPLIST_KEY_UIApplicationSceneManifest_Generation = YES;
				INFOPLIST_KEY_UIApplicationSupportsIndirectInputEvents = YES;
				INFOPLIST_KEY_UILaunchScreen_Generation = YES;
				INFOPLIST_KEY_UISupportedInterfaceOrientations_iPad = "UIInterfaceOrientationPortrait UIInterfaceOrientationPortraitUpsideDown UIInterfaceOrientationLandscapeLeft UIInterfaceOrientationLandscapeRight";
				INFOPLIST_KEY_UISupportedInterfaceOrientations_iPhone = "UIInterfaceOrientationPortrait UIInterfaceOrientationLandscapeLeft UIInterfaceOrientationLandscapeRight";
				LD_RUNPATH_SEARCH_PATHS = (
					"$(inherited)",
					"@executable_path/Frameworks",
				);
				MARKETING_VERSION = 1.0;
				PRODUCT_BUNDLE_IDENTIFIER = mbayi.PersonsApp;
				PRODUCT_NAME = "$(TARGET_NAME)";
				SWIFT_EMIT_LOC_STRINGS = YES;
				SWIFT_VERSION = 5.0;
				TARGETED_DEVICE_FAMILY = "1,2";
			};
			name = Release;
		};
/* End XCBuildConfiguration section */

/* Begin XCConfigurationList section */
		891034252950C1D4008EED37 /* Build configuration list for PBXProject "PersonsApp" */ = {
			isa = XCConfigurationList;
			buildConfigurations = (
				891034362950C1D6008EED37 /* Debug */,
				891034372950C1D6008EED37 /* Release */,
			);
			defaultConfigurationIsVisible = 0;
			defaultConfigurationName = Release;
		};
		891034382950C1D6008EED37 /* Build configuration list for PBXNativeTarget "PersonsApp" */ = {
			isa = XCConfigurationList;
			buildConfigurations = (
				891034392950C1D6008EED37 /* Debug */,
				8910343A2950C1D6008EED37 /* Release */,
			);
			defaultConfigurationIsVisible = 0;
			defaultConfigurationName = Release;
		};
/* End XCConfigurationList section */
	};
	rootObject = 891034222950C1D4008EED37 /* Project object */;
}
